{
  "name": "node-hello",
  "version": "1.0.0",
  "lockfileVersion": 2,
  "requires": true,
  "author": "",
  "description": "## Planificación de endpoints.",
  "homepage": "https://github.com/ernestomar/node-backend-tasks#readme",
  "keywords": [],
  "license": "ISC",
  "main": "index.js",
  "packages": {
    "": {
      "name": "node-hello",
      "version": "1.0.0"
    }
  },
  "bugs": {
    "url": "https://github.com/ernestomar/node-backend-tasks/issues"
  },
  "repository": {
    "type": "git",
    "url": "git+https://github.com/ernestomar/node-backend-tasks.git"
  },
  "scripts": {
    "test": "echo \"Error: no test specified\" && exit 1"
  }
}
